{
  "nodes": {
    "flakes": {
      "locked": {
        "lastModified": 1690362185,
        "narHash": "sha256-aS/YCaFESxIrjPVyo4kVsyNadMhcUmHdIO2EY0MGWtA=",
        "owner": "deemp",
        "repo": "flakes",
        "rev": "471eb7ea86412540b654970516f26294a55f054e",
        "type": "github"
      },
      "original": {
        "owner": "deemp",
        "repo": "flakes",
        "type": "github"
      }
    },
    "root": {
      "inputs": {
        "flakes": "flakes"
      }
    }
  },
  "root": "root",
  "version": 7
}
