{
  "nodes": {
    "flakes": {
      "locked": {
        "lastModified": 1689947987,
        "narHash": "sha256-DIozI/PjySwX2TezM9whKAD9N32elU1Kt1cEw/SvFWE=",
        "owner": "deemp",
        "repo": "flakes",
        "rev": "99e4a144c21675afb5adc233d4125f7c54353b6f",
        "type": "github"
      },
      "original": {
        "owner": "deemp",
        "repo": "flakes",
        "type": "github"
      }
    },
    "root": {
      "inputs": {
        "flakes": "flakes"
      }
    }
  },
  "root": "root",
  "version": 7
}
