{
  "nodes": {
    "flakes": {
      "locked": {
        "lastModified": 1696364169,
        "narHash": "sha256-UInZAkAY+T/YYj2AinLixf0CbbNorBeRsHadWSBg0yc=",
        "owner": "deemp",
        "repo": "flakes",
        "rev": "93dacca29b38865b76ef5e8c4c5c81df426cf5e8",
        "type": "github"
      },
      "original": {
        "owner": "deemp",
        "repo": "flakes",
        "type": "github"
      }
    },
    "root": {
      "inputs": {
        "flakes": "flakes"
      }
    }
  },
  "root": "root",
  "version": 7
}
