{
  "nodes": {
    "flakes": {
      "locked": {
        "lastModified": 1689843542,
        "narHash": "sha256-zAXqjpviq5cuohAjssEyNbNdQo2eQNMCYuFosSiMC/8=",
        "owner": "deemp",
        "repo": "flakes",
        "rev": "2eeb75b61237c5be69b87811292ac2950aeb4e07",
        "type": "github"
      },
      "original": {
        "owner": "deemp",
        "repo": "flakes",
        "type": "github"
      }
    },
    "root": {
      "inputs": {
        "flakes": "flakes"
      }
    }
  },
  "root": "root",
  "version": 7
}
